
Microsoft Visual Studio Solution File, Format Version 12.00
# Visual Studio 2012
Project("{FAE04EC0-301F-11D3-BF4B-00C04F79EFBC}") = "ExpertAssessment.WebUI", "ExpertAssessment.WebUI\ExpertAssessment.WebUI.csproj", "{BE064A60-5D82-441E-B515-2BEB7F1DBBE9}"
EndProject
Project("{FAE04EC0-301F-11D3-BF4B-00C04F79EFBC}") = "ExpertAssessment.Domain", "ExpertAssessment.Domain\ExpertAssessment.Domain.csproj", "{8E7377F3-44EF-41FA-A5F9-19C2BE81ACC8}"
EndProject
Project("{FAE04EC0-301F-11D3-BF4B-00C04F79EFBC}") = "ExpertAssessment.UnitTests", "ExpertAssessment.UnitTests\ExpertAssessment.UnitTests.csproj", "{C06A0A08-207E-4F33-9DF6-CEF12487F013}"
EndProject
Project("{2150E333-8FDC-42A3-9474-1A3956D46DE8}") = ".nuget", ".nuget", "{806D8B3C-7977-4789-878B-ED6FDAE8314F}"
	ProjectSection(SolutionItems) = preProject
		.nuget\packages.config = .nuget\packages.config
	EndProjectSection
EndProject
Global
	GlobalSection(SolutionConfigurationPlatforms) = preSolution
		Debug|Any CPU = Debug|Any CPU
		Release|Any CPU = Release|Any CPU
	EndGlobalSection
	GlobalSection(ProjectConfigurationPlatforms) = postSolution
		{BE064A60-5D82-441E-B515-2BEB7F1DBBE9}.Debug|Any CPU.ActiveCfg = Debug|Any CPU
		{BE064A60-5D82-441E-B515-2BEB7F1DBBE9}.Debug|Any CPU.Build.0 = Debug|Any CPU
		{BE064A60-5D82-441E-B515-2BEB7F1DBBE9}.Release|Any CPU.ActiveCfg = Release|Any CPU
		{BE064A60-5D82-441E-B515-2BEB7F1DBBE9}.Release|Any CPU.Build.0 = Release|Any CPU
		{8E7377F3-44EF-41FA-A5F9-19C2BE81ACC8}.Debug|Any CPU.ActiveCfg = Debug|Any CPU
		{8E7377F3-44EF-41FA-A5F9-19C2BE81ACC8}.Debug|Any CPU.Build.0 = Debug|Any CPU
		{8E7377F3-44EF-41FA-A5F9-19C2BE81ACC8}.Release|Any CPU.ActiveCfg = Release|Any CPU
		{8E7377F3-44EF-41FA-A5F9-19C2BE81ACC8}.Release|Any CPU.Build.0 = Release|Any CPU
		{C06A0A08-207E-4F33-9DF6-CEF12487F013}.Debug|Any CPU.ActiveCfg = Debug|Any CPU
		{C06A0A08-207E-4F33-9DF6-CEF12487F013}.Debug|Any CPU.Build.0 = Debug|Any CPU
		{C06A0A08-207E-4F33-9DF6-CEF12487F013}.Release|Any CPU.ActiveCfg = Release|Any CPU
		{C06A0A08-207E-4F33-9DF6-CEF12487F013}.Release|Any CPU.Build.0 = Release|Any CPU
	EndGlobalSection
	GlobalSection(SolutionProperties) = preSolution
		HideSolutionNode = FALSE
	EndGlobalSection
EndGlobal
